{
  "nodes": {
    "home-manager": {
      "inputs": {
        "nixpkgs": [
          "nixpkgs"
        ]
      },
      "locked": {
        "lastModified": 1778401693,
        "narHash": "sha256-OVHdCqXXUF5UdGkH+FF2ZL06OLZjj2kvP2dIUmzVWoo=",
        "owner": "nix-community",
        "repo": "home-manager",
        "rev": "389b83002efc26f1145e89a6a8e6edc5a6435948",
        "type": "github"
      },
      "original": {
        "owner": "nix-community",
        "ref": "release-25.11",
        "repo": "home-manager",
        "type": "github"
      }
    },
    "myvars": {
      "locked": {
        "lastModified": 1778000686,
        "narHash": "sha256-MD9iTvTn2T9AztLbB88jqE71/yGVLVjJwnmwSwMN3D0=",
        "path": "/home/rex/.vars",
        "type": "path"
      },
      "original": {
        "path": "/home/rex/.vars",
        "type": "path"
      }
    },
    "neonix": {
      "inputs": {
        "nixpkgs": "nixpkgs",
        "plugins-lze": "plugins-lze",
        "plugins-lzextras": "plugins-lzextras",
        "wrappers": "wrappers"
      },
      "locked": {
        "lastModified": 1778599440,
        "narHash": "sha256-P6Tt7vlVx5VR8ybz/5nXUt4WNsJn6xVMepZJcVRIJ2U=",
        "owner": "Rex-Prime",
        "repo": "neonix-wrapper",
        "rev": "00da83aa2f8f5c76c2d7d3a8f33a9848a9112ad9",
        "type": "github"
      },
      "original": {
        "owner": "Rex-Prime",
        "repo": "neonix-wrapper",
        "type": "github"
      }
    },
    "nixpkgs": {
      "locked": {
        "lastModified": 1776329215,
        "narHash": "sha256-a8BYi3mzoJ/AcJP8UldOx8emoPRLeWqALZWu4ZvjPXw=",
        "owner": "NixOS",
        "repo": "nixpkgs",
        "rev": "b86751bc4085f48661017fa226dee99fab6c651b",
        "type": "github"
      },
      "original": {
        "owner": "NixOS",
        "ref": "nixpkgs-unstable",
        "repo": "nixpkgs",
        "type": "github"
      }
    },
    "nixpkgs_2": {
      "locked": {
        "lastModified": 1778003029,
        "narHash": "sha256-q/nkKLDtHIyLjZpKhWk3cSK5IYsFqtMd6UtXF3ddjgA=",
        "owner": "NixOS",
        "repo": "nixpkgs",
        "rev": "0c88e1f2bdb93d5999019e99cb0e61e1fe2af4c5",
        "type": "github"
      },
      "original": {
        "owner": "NixOS",
        "ref": "nixos-25.11",
        "repo": "nixpkgs",
        "type": "github"
      }
    },
    "plugins-lze": {
      "flake": false,
      "locked": {
        "lastModified": 1776141066,
        "narHash": "sha256-vrfQDEMpQT9yCpiFwSYkiawiTGfNIIySx2dIIndp5kI=",
        "owner": "BirdeeHub",
        "repo": "lze",
        "rev": "eaf8e4b0d9a6438b82d17d2018cc02255a89ce1c",
        "type": "github"
      },
      "original": {
        "owner": "BirdeeHub",
        "repo": "lze",
        "type": "github"
      }
    },
    "plugins-lzextras": {
      "flake": false,
      "locked": {
        "lastModified": 1776142140,
        "narHash": "sha256-n5q9fySH14qj/fLEtBsH9bMdjRp4up6P1AnEz1LkQPo=",
        "owner": "BirdeeHub",
        "repo": "lzextras",
        "rev": "3d35a0d6473d092db5f2c357bbede2421cfc64b7",
        "type": "github"
      },
      "original": {
        "owner": "BirdeeHub",
        "repo": "lzextras",
        "type": "github"
      }
    },
    "root": {
      "inputs": {
        "home-manager": "home-manager",
        "myvars": "myvars",
        "neonix": "neonix",
        "nixpkgs": "nixpkgs_2"
      }
    },
    "wrappers": {
      "inputs": {
        "nixpkgs": [
          "neonix",
          "nixpkgs"
        ]
      },
      "locked": {
        "lastModified": 1776464146,
        "narHash": "sha256-XwLFfJDz71vIF7BAhnbLhrzQjmDC2uXdo7N0oHUrYzA=",
        "owner": "BirdeeHub",
        "repo": "nix-wrapper-modules",
        "rev": "75febede14a0845f4ef429da692a0698bf433600",
        "type": "github"
      },
      "original": {
        "owner": "BirdeeHub",
        "repo": "nix-wrapper-modules",
        "type": "github"
      }
    }
  },
  "root": "root",
  "version": 7
}
