{
  "nodes": {
    "home-manager": {
      "inputs": {
        "nixpkgs": [
          "nixpkgs"
        ]
      },
      "locked": {
        "lastModified": 1775425411,
        "narHash": "sha256-KY6HsebJHEe5nHOWP7ur09mb0drGxYSzE3rQxy62rJo=",
        "owner": "nix-community",
        "repo": "home-manager",
        "rev": "0d02ec1d0a05f88ef9e74b516842900c41f0f2fe",
        "type": "github"
      },
      "original": {
        "owner": "nix-community",
        "ref": "release-25.11",
        "repo": "home-manager",
        "type": "github"
      }
    },
    "myvars": {
      "locked": {
        "lastModified": 1772885691,
        "narHash": "sha256-MD9iTvTn2T9AztLbB88jqE71/yGVLVjJwnmwSwMN3D0=",
        "path": "/home/rex/.vars",
        "type": "path"
      },
      "original": {
        "path": "/home/rex/.vars",
        "type": "path"
      }
    },
    "neonix": {
      "inputs": {
        "nixpkgs": "nixpkgs",
        "plugins-lze": "plugins-lze",
        "plugins-lzextras": "plugins-lzextras",
        "wrappers": "wrappers"
      },
      "locked": {
        "lastModified": 1775145486,
        "narHash": "sha256-VJvJ55Lcig8fH3dG9cDIA9W/DaXKhaBIWP+KzBJ9M+4=",
        "owner": "Rex-Prime",
        "repo": "neonix-wrapper",
        "rev": "57b4e0122698c6c901c7e8ee554c3cc819c1b742",
        "type": "github"
      },
      "original": {
        "owner": "Rex-Prime",
        "repo": "neonix-wrapper",
        "type": "github"
      }
    },
    "nixpkgs": {
      "locked": {
        "lastModified": 1771147098,
        "narHash": "sha256-jpfPdBjKO232s5NueoNEvvVzpndiUzPLNYcH4/Ov0gY=",
        "owner": "NixOS",
        "repo": "nixpkgs",
        "rev": "e3cb16bccd9facebae3ba29c6a76a4cc1b73462a",
        "type": "github"
      },
      "original": {
        "owner": "NixOS",
        "ref": "nixpkgs-unstable",
        "repo": "nixpkgs",
        "type": "github"
      }
    },
    "nixpkgs_2": {
      "locked": {
        "lastModified": 1776434932,
        "narHash": "sha256-gyqXNMgk3sh+ogY5svd2eNLJ6oEwzbAeaoBrrxD0lKk=",
        "owner": "NixOS",
        "repo": "nixpkgs",
        "rev": "c7f47036d3df2add644c46d712d14262b7d86c0c",
        "type": "github"
      },
      "original": {
        "owner": "NixOS",
        "ref": "nixos-25.11",
        "repo": "nixpkgs",
        "type": "github"
      }
    },
    "plugins-lze": {
      "flake": false,
      "locked": {
        "lastModified": 1770530412,
        "narHash": "sha256-QBxZmBu6K+HRrIf381/0eNSVK93OCA0Rn1blx0Vqyng=",
        "owner": "BirdeeHub",
        "repo": "lze",
        "rev": "7276233f8fbe883e0a3b2164a836a2b292883a1c",
        "type": "github"
      },
      "original": {
        "owner": "BirdeeHub",
        "repo": "lze",
        "type": "github"
      }
    },
    "plugins-lzextras": {
      "flake": false,
      "locked": {
        "lastModified": 1770530361,
        "narHash": "sha256-Jdg7e8VsJxx3/x6TJlnGrHtno17L5AAiUewOGjf1GGE=",
        "owner": "BirdeeHub",
        "repo": "lzextras",
        "rev": "5abb946ece1b7710761e78588466620acd3be257",
        "type": "github"
      },
      "original": {
        "owner": "BirdeeHub",
        "repo": "lzextras",
        "type": "github"
      }
    },
    "root": {
      "inputs": {
        "home-manager": "home-manager",
        "myvars": "myvars",
        "neonix": "neonix",
        "nixpkgs": "nixpkgs_2"
      }
    },
    "wrappers": {
      "inputs": {
        "nixpkgs": [
          "neonix",
          "nixpkgs"
        ]
      },
      "locked": {
        "lastModified": 1771192657,
        "narHash": "sha256-Ibv5WEXiwr6gIEOajD4QE93TYpXUhEYv1VZV8sdU3IQ=",
        "owner": "BirdeeHub",
        "repo": "nix-wrapper-modules",
        "rev": "8ba8703b62c2cc7e642f58ff03bd14a2f836e07a",
        "type": "github"
      },
      "original": {
        "owner": "BirdeeHub",
        "repo": "nix-wrapper-modules",
        "type": "github"
      }
    }
  },
  "root": "root",
  "version": 7
}
